
Microsoft Visual Studio Solution File, Format Version 12.00
# Visual Studio Version 16
VisualStudioVersion = 16.0.29613.14
MinimumVisualStudioVersion = 10.0.40219.1
Project("{FAE04EC0-301F-11D3-BF4B-00C04F79EFBC}") = "screen-cast", "screen-cast\screen-cast.csproj", "{19CAA291-0A31-4477-A902-AC89FB49BF1A}"
EndProject
Project("{FAE04EC0-301F-11D3-BF4B-00C04F79EFBC}") = "client", "client\client.csproj", "{00938125-8D9A-445B-A420-2E9D638D37CC}"
EndProject
Project("{FAE04EC0-301F-11D3-BF4B-00C04F79EFBC}") = "PacketHelper", "PacketHelper\PacketHelper.csproj", "{03A086E5-7BFB-4572-AF0F-AE46BBDEADA6}"
EndProject
Global
	GlobalSection(SolutionConfigurationPlatforms) = preSolution
		Debug|Any CPU = Debug|Any CPU
		Release|Any CPU = Release|Any CPU
	EndGlobalSection
	GlobalSection(ProjectConfigurationPlatforms) = postSolution
		{19CAA291-0A31-4477-A902-AC89FB49BF1A}.Debug|Any CPU.ActiveCfg = Debug|Any CPU
		{19CAA291-0A31-4477-A902-AC89FB49BF1A}.Debug|Any CPU.Build.0 = Debug|Any CPU
		{19CAA291-0A31-4477-A902-AC89FB49BF1A}.Release|Any CPU.ActiveCfg = Release|Any CPU
		{19CAA291-0A31-4477-A902-AC89FB49BF1A}.Release|Any CPU.Build.0 = Release|Any CPU
		{00938125-8D9A-445B-A420-2E9D638D37CC}.Debug|Any CPU.ActiveCfg = Debug|Any CPU
		{00938125-8D9A-445B-A420-2E9D638D37CC}.Debug|Any CPU.Build.0 = Debug|Any CPU
		{00938125-8D9A-445B-A420-2E9D638D37CC}.Release|Any CPU.ActiveCfg = Release|Any CPU
		{00938125-8D9A-445B-A420-2E9D638D37CC}.Release|Any CPU.Build.0 = Release|Any CPU
		{03A086E5-7BFB-4572-AF0F-AE46BBDEADA6}.Debug|Any CPU.ActiveCfg = Debug|Any CPU
		{03A086E5-7BFB-4572-AF0F-AE46BBDEADA6}.Debug|Any CPU.Build.0 = Debug|Any CPU
		{03A086E5-7BFB-4572-AF0F-AE46BBDEADA6}.Release|Any CPU.ActiveCfg = Release|Any CPU
		{03A086E5-7BFB-4572-AF0F-AE46BBDEADA6}.Release|Any CPU.Build.0 = Release|Any CPU
	EndGlobalSection
	GlobalSection(SolutionProperties) = preSolution
		HideSolutionNode = FALSE
	EndGlobalSection
	GlobalSection(ExtensibilityGlobals) = postSolution
		SolutionGuid = {4E6EC6B0-B6CB-4677-B2A3-5A94EE36BFF8}
	EndGlobalSection
EndGlobal
